
Microsoft Visual Studio Solution File, Format Version 12.00
# Visual Studio Version 17
VisualStudioVersion = 17.8.34330.188
MinimumVisualStudioVersion = 10.0.40219.1
Project("{9A19103F-16F7-4668-BE54-9A1E7A4F7556}") = "ImageStorageApi", "ImageStorageApi.csproj", "{C99A201C-A1CA-4A7D-B338-0452D8DE2DF8}"
EndProject
Global
	GlobalSection(SolutionConfigurationPlatforms) = preSolution
		Debug|Any CPU = Debug|Any CPU
		Release|Any CPU = Release|Any CPU
	EndGlobalSection
	GlobalSection(ProjectConfigurationPlatforms) = postSolution
		{C99A201C-A1CA-4A7D-B338-0452D8DE2DF8}.Debug|Any CPU.ActiveCfg = Debug|Any CPU
		{C99A201C-A1CA-4A7D-B338-0452D8DE2DF8}.Debug|Any CPU.Build.0 = Debug|Any CPU
		{C99A201C-A1CA-4A7D-B338-0452D8DE2DF8}.Release|Any CPU.ActiveCfg = Release|Any CPU
		{C99A201C-A1CA-4A7D-B338-0452D8DE2DF8}.Release|Any CPU.Build.0 = Release|Any CPU
	EndGlobalSection
	GlobalSection(SolutionProperties) = preSolution
		HideSolutionNode = FALSE
	EndGlobalSection
	GlobalSection(ExtensibilityGlobals) = postSolution
		SolutionGuid = {427305B5-E762-4DA6-9B05-27B3279A0FDE}
	EndGlobalSection
EndGlobal
